<?xml version="1.0" encoding="utf-8"?>
<Project ToolsVersion="4.0" xmlns="http://schemas.microsoft.com/developer/msbuild/2003">
  <ItemGroup>
    <Filter Include="源文件">
      <UniqueIdentifier>{4FC737F1-C7A5-4376-A066-2A32D752A2FF}</UniqueIdentifier>
      <Extensions>cpp;c;cc;cxx;def;odl;idl;hpj;bat;asm;asmx</Extensions>
    </Filter>
    <Filter Include="头文件">
      <UniqueIdentifier>{93995380-89BD-4b04-88EB-625FBE52EBFB}</UniqueIdentifier>
      <Extensions>h;hh;hpp;hxx;hm;inl;inc;xsd</Extensions>
    </Filter>
    <Filter Include="资源文件">
      <UniqueIdentifier>{67DA6AB6-F800-4c08-8B7A-83BB121AAD01}</UniqueIdentifier>
      <Extensions>rc;ico;cur;bmp;dlg;rc2;rct;bin;rgs;gif;jpg;jpeg;jpe;resx;tiff;tif;png;wav;mfcribbon-ms</Extensions>
    </Filter>
  </ItemGroup>
  <ItemGroup>
    <ClInclude Include="core\Bounds.h">
      <Filter>头文件</Filter>
    </ClInclude>
    <ClInclude Include="core\Bsdf.h">
      <Filter>头文件</Filter>
    </ClInclude>
    <ClInclude Include="core\Camera.h">
      <Filter>头文件</Filter>
    </ClInclude>
    <ClInclude Include="core\Differentialgeometry.h">
      <Filter>头文件</Filter>
    </ClInclude>
    <ClInclude Include="core\Film.h">
      <Filter>头文件</Filter>
    </ClInclude>
    <ClInclude Include="core\Filter.h">
      <Filter>头文件</Filter>
    </ClInclude>
    <ClInclude Include="core\Integrator.h">
      <Filter>头文件</Filter>
    </ClInclude>
    <ClInclude Include="core\Interaction.h">
      <Filter>头文件</Filter>
    </ClInclude>
    <ClInclude Include="core\Light.h">
      <Filter>头文件</Filter>
    </ClInclude>
    <ClInclude Include="core\Material.h">
      <Filter>头文件</Filter>
    </ClInclude>
    <ClInclude Include="core\Matrix.h">
      <Filter>头文件</Filter>
    </ClInclude>
    <ClInclude Include="core\Normal.h">
      <Filter>头文件</Filter>
    </ClInclude>
    <ClInclude Include="core\Point.h">
      <Filter>头文件</Filter>
    </ClInclude>
    <ClInclude Include="core\Primitive.h">
      <Filter>头文件</Filter>
    </ClInclude>
    <ClInclude Include="core\Ray.h">
      <Filter>头文件</Filter>
    </ClInclude>
    <ClInclude Include="core\Sampler.h">
      <Filter>头文件</Filter>
    </ClInclude>
    <ClInclude Include="core\Scene.h">
      <Filter>头文件</Filter>
    </ClInclude>
    <ClInclude Include="core\Shape.h">
      <Filter>头文件</Filter>
    </ClInclude>
    <ClInclude Include="core\Spectrum.h">
      <Filter>头文件</Filter>
    </ClInclude>
    <ClInclude Include="core\Texture.h">
      <Filter>头文件</Filter>
    </ClInclude>
    <ClInclude Include="core\Transform.h">
      <Filter>头文件</Filter>
    </ClInclude>
    <ClInclude Include="core\Type.h">
      <Filter>头文件</Filter>
    </ClInclude>
    <ClInclude Include="core\Utility.h">
      <Filter>头文件</Filter>
    </ClInclude>
    <ClInclude Include="core\Vector.h">
      <Filter>头文件</Filter>
    </ClInclude>
    <ClInclude Include="driver\unreal.h">
      <Filter>头文件</Filter>
    </ClInclude>
    <ClInclude Include="output\Bmp.h">
      <Filter>头文件</Filter>
    </ClInclude>
    <ClInclude Include="output\ImageDefinition.h">
      <Filter>头文件</Filter>
    </ClInclude>
    <ClInclude Include="stream\FileInputStream.h">
      <Filter>头文件</Filter>
    </ClInclude>
    <ClInclude Include="stream\FileOutputStream.h">
      <Filter>头文件</Filter>
    </ClInclude>
    <ClInclude Include="stream\InputStream.h">
      <Filter>头文件</Filter>
    </ClInclude>
    <ClInclude Include="stream\OutputStream.h">
      <Filter>头文件</Filter>
    </ClInclude>
    <ClInclude Include="stream\Stream.h">
      <Filter>头文件</Filter>
    </ClInclude>
    <ClInclude Include="stream\StreamBase.h">
      <Filter>头文件</Filter>
    </ClInclude>
    <ClInclude Include="core\Pixel.h">
      <Filter>头文件</Filter>
    </ClInclude>
    <ClInclude Include="stream\Endian.h">
      <Filter>头文件</Filter>
    </ClInclude>
  </ItemGroup>
  <ItemGroup>
    <ClCompile Include="main.cpp">
      <Filter>源文件</Filter>
    </ClCompile>
  </ItemGroup>
</Project>